{
  "version": 4,
  "terraform_version": "1.14.3",
  "serial": 16,
  "lineage": "a7a3e568-9f1a-3f03-647a-bac49fe3c634",
  "outputs": {
    "frontdoor_url": {
      "value": "fd-capstone-endpoint-bsdsc5c7a2dvbcd2.z01.azurefd.net",
      "type": "string"
    }
  },
  "resources": [
    {
      "mode": "managed",
      "type": "azurerm_application_insights",
      "name": "appi",
      "provider": "provider[\"registry.terraform.io/hashicorp/azurerm\"]",
      "instances": [
        {
          "schema_version": 2,
          "attributes": {
            "app_id": "8e39d28a-cc56-41f8-8b7f-73043e2967fe",
            "application_type": "web",
            "connection_string": "InstrumentationKey=e9380ec5-435d-41f5-9501-b5c364c971b8;IngestionEndpoint=https://centralindia-0.in.applicationinsights.azure.com/;LiveEndpoint=https://centralindia.livediagnostics.monitor.azure.com/;ApplicationId=8e39d28a-cc56-41f8-8b7f-73043e2967fe",
            "daily_data_cap_in_gb": 100,
            "daily_data_cap_notifications_disabled": false,
            "disable_ip_masking": false,
            "force_customer_storage_for_profiler": false,
            "id": "/subscriptions/cb48feea-4a11-4a8b-9af3-70191fc345ec/resourceGroups/Team-1-Capstone/providers/Microsoft.Insights/components/Team-1-appinsights",
            "instrumentation_key": "e9380ec5-435d-41f5-9501-b5c364c971b8",
            "internet_ingestion_enabled": true,
            "internet_query_enabled": true,
            "local_authentication_disabled": false,
            "location": "centralindia",
            "name": "Team-1-appinsights",
            "resource_group_name": "Team-1-Capstone",
            "retention_in_days": 90,
            "sampling_percentage": 100,
            "tags": {},
            "timeouts": null,
            "workspace_id": "/subscriptions/cb48feea-4a11-4a8b-9af3-70191fc345ec/resourceGroups/Team-1-Capstone/providers/Microsoft.OperationalInsights/workspaces/Team-1-law"
          },
          "sensitive_attributes": [
            [
              {
                "type": "get_attr",
                "value": "connection_string"
              }
            ],
            [
              {
                "type": "get_attr",
                "value": "instrumentation_key"
              }
            ]
          ],
          "identity_schema_version": 0,
          "private": "eyJlMmJmYjczMC1lY2FhLTExZTYtOGY4OC0zNDM2M2JjN2M0YzAiOnsiY3JlYXRlIjozNjAwMDAwMDAwMDAwLCJkZWxldGUiOjE4MDAwMDAwMDAwMDAsInJlYWQiOjMwMDAwMDAwMDAwMCwidXBkYXRlIjoxODAwMDAwMDAwMDAwfSwic2NoZW1hX3ZlcnNpb24iOiIyIn0=",
          "dependencies": [
            "azurerm_log_analytics_workspace.law",
            "azurerm_resource_group.rg"
          ]
        }
      ]
    },
    {
      "mode": "managed",
      "type": "azurerm_cdn_frontdoor_endpoint",
      "name": "fd_endpoint",
      "provider": "provider[\"registry.terraform.io/hashicorp/azurerm\"]",
      "instances": [
        {
          "schema_version": 0,
          "attributes": {
            "cdn_frontdoor_profile_id": "/subscriptions/cb48feea-4a11-4a8b-9af3-70191fc345ec/resourceGroups/Team-1-Capstone/providers/Microsoft.Cdn/profiles/fd-capstone-profile",
            "enabled": true,
            "host_name": "fd-capstone-endpoint-bsdsc5c7a2dvbcd2.z01.azurefd.net",
            "id": "/subscriptions/cb48feea-4a11-4a8b-9af3-70191fc345ec/resourceGroups/Team-1-Capstone/providers/Microsoft.Cdn/profiles/fd-capstone-profile/afdEndpoints/fd-capstone-endpoint",
            "name": "fd-capstone-endpoint",
            "tags": null,
            "timeouts": null
          },
          "sensitive_attributes": [],
          "identity_schema_version": 0,
          "private": "eyJlMmJmYjczMC1lY2FhLTExZTYtOGY4OC0zNDM2M2JjN2M0YzAiOnsiY3JlYXRlIjoxODAwMDAwMDAwMDAwLCJkZWxldGUiOjE4MDAwMDAwMDAwMDAsInJlYWQiOjMwMDAwMDAwMDAwMCwidXBkYXRlIjoxODAwMDAwMDAwMDAwfX0=",
          "dependencies": [
            "azurerm_cdn_frontdoor_profile.fd_profile",
            "azurerm_resource_group.rg"
          ]
        }
      ]
    },
    {
      "mode": "managed",
      "type": "azurerm_cdn_frontdoor_origin",
      "name": "fd_origin",
      "provider": "provider[\"registry.terraform.io/hashicorp/azurerm\"]",
      "instances": [
        {
          "schema_version": 0,
          "attributes": {
            "cdn_frontdoor_origin_group_id": "/subscriptions/cb48feea-4a11-4a8b-9af3-70191fc345ec/resourceGroups/Team-1-Capstone/providers/Microsoft.Cdn/profiles/fd-capstone-profile/originGroups/app-origin-group",
            "certificate_name_check_enabled": true,
            "enabled": false,
            "health_probes_enabled": false,
            "host_name": "team-1-nodeapp-prod.azurewebsites.net",
            "http_port": 80,
            "https_port": 443,
            "id": "/subscriptions/cb48feea-4a11-4a8b-9af3-70191fc345ec/resourceGroups/Team-1-Capstone/providers/Microsoft.Cdn/profiles/fd-capstone-profile/originGroups/app-origin-group/origins/app-origin",
            "name": "app-origin",
            "origin_host_header": "team-1-nodeapp-prod.azurewebsites.net",
            "priority": 1,
            "private_link": [],
            "timeouts": null,
            "weight": 1000
          },
          "sensitive_attributes": [],
          "identity_schema_version": 0,
          "private": "eyJlMmJmYjczMC1lY2FhLTExZTYtOGY4OC0zNDM2M2JjN2M0YzAiOnsiY3JlYXRlIjoxODAwMDAwMDAwMDAwLCJkZWxldGUiOjE4MDAwMDAwMDAwMDAsInJlYWQiOjMwMDAwMDAwMDAwMCwidXBkYXRlIjoxODAwMDAwMDAwMDAwfX0=",
          "dependencies": [
            "azurerm_cdn_frontdoor_origin_group.fd_origin_group",
            "azurerm_cdn_frontdoor_profile.fd_profile",
            "azurerm_linux_web_app.webapp",
            "azurerm_resource_group.rg",
            "azurerm_service_plan.asp"
          ]
        }
      ]
    },
    {
      "mode": "managed",
      "type": "azurerm_cdn_frontdoor_origin_group",
      "name": "fd_origin_group",
      "provider": "provider[\"registry.terraform.io/hashicorp/azurerm\"]",
      "instances": [
        {
          "schema_version": 0,
          "attributes": {
            "cdn_frontdoor_profile_id": "/subscriptions/cb48feea-4a11-4a8b-9af3-70191fc345ec/resourceGroups/Team-1-Capstone/providers/Microsoft.Cdn/profiles/fd-capstone-profile",
            "health_probe": [
              {
                "interval_in_seconds": 30,
                "path": "/",
                "protocol": "Https",
                "request_type": "GET"
              }
            ],
            "id": "/subscriptions/cb48feea-4a11-4a8b-9af3-70191fc345ec/resourceGroups/Team-1-Capstone/providers/Microsoft.Cdn/profiles/fd-capstone-profile/originGroups/app-origin-group",
            "load_balancing": [
              {
                "additional_latency_in_milliseconds": 50,
                "sample_size": 4,
                "successful_samples_required": 2
              }
            ],
            "name": "app-origin-group",
            "restore_traffic_time_to_healed_or_new_endpoint_in_minutes": 10,
            "session_affinity_enabled": true,
            "timeouts": null
          },
          "sensitive_attributes": [],
          "identity_schema_version": 0,
          "private": "eyJlMmJmYjczMC1lY2FhLTExZTYtOGY4OC0zNDM2M2JjN2M0YzAiOnsiY3JlYXRlIjoxODAwMDAwMDAwMDAwLCJkZWxldGUiOjE4MDAwMDAwMDAwMDAsInJlYWQiOjMwMDAwMDAwMDAwMCwidXBkYXRlIjoxODAwMDAwMDAwMDAwfX0=",
          "dependencies": [
            "azurerm_cdn_frontdoor_profile.fd_profile",
            "azurerm_resource_group.rg"
          ]
        }
      ]
    },
    {
      "mode": "managed",
      "type": "azurerm_cdn_frontdoor_profile",
      "name": "fd_profile",
      "provider": "provider[\"registry.terraform.io/hashicorp/azurerm\"]",
      "instances": [
        {
          "schema_version": 0,
          "attributes": {
            "id": "/subscriptions/cb48feea-4a11-4a8b-9af3-70191fc345ec/resourceGroups/Team-1-Capstone/providers/Microsoft.Cdn/profiles/fd-capstone-profile",
            "name": "fd-capstone-profile",
            "resource_group_name": "Team-1-Capstone",
            "resource_guid": "46aea357-a4e4-4e6a-bd3d-4497e00c601f",
            "response_timeout_seconds": 120,
            "sku_name": "Standard_AzureFrontDoor",
            "tags": null,
            "timeouts": null
          },
          "sensitive_attributes": [],
          "identity_schema_version": 0,
          "private": "eyJlMmJmYjczMC1lY2FhLTExZTYtOGY4OC0zNDM2M2JjN2M0YzAiOnsiY3JlYXRlIjoxODAwMDAwMDAwMDAwLCJkZWxldGUiOjE4MDAwMDAwMDAwMDAsInJlYWQiOjMwMDAwMDAwMDAwMCwidXBkYXRlIjoxODAwMDAwMDAwMDAwfX0=",
          "dependencies": [
            "azurerm_resource_group.rg"
          ]
        }
      ]
    },
    {
      "mode": "managed",
      "type": "azurerm_linux_web_app",
      "name": "webapp",
      "provider": "provider[\"registry.terraform.io/hashicorp/azurerm\"]",
      "instances": [
        {
          "schema_version": 1,
          "attributes": {
            "app_settings": {
              "WEBSITE_RUN_FROM_PACKAGE": "1"
            },
            "auth_settings": [],
            "auth_settings_v2": [],
            "backup": [],
            "client_affinity_enabled": false,
            "client_certificate_enabled": false,
            "client_certificate_exclusion_paths": "",
            "client_certificate_mode": "Required",
            "connection_string": [],
            "custom_domain_verification_id": "6D0ABD1187FD421D37A5D372FD5258DFAD09F4D8CBCAA8781CAF4B5B5CC32F21",
            "default_hostname": "team-1-nodeapp-prod.azurewebsites.net",
            "enabled": true,
            "ftp_publish_basic_authentication_enabled": true,
            "hosting_environment_id": "",
            "https_only": false,
            "id": "/subscriptions/cb48feea-4a11-4a8b-9af3-70191fc345ec/resourceGroups/Team-1-Capstone/providers/Microsoft.Web/sites/team-1-nodeapp-prod",
            "identity": [],
            "key_vault_reference_identity_id": "SystemAssigned",
            "kind": "app,linux",
            "location": "centralindia",
            "logs": [],
            "name": "team-1-nodeapp-prod",
            "outbound_ip_address_list": [
              "135.235.209.248",
              "135.235.210.29",
              "135.235.210.42",
              "135.235.210.45",
              "135.235.210.48",
              "135.235.210.53",
              "20.192.171.3"
            ],
            "outbound_ip_addresses": "135.235.209.248,135.235.210.29,135.235.210.42,135.235.210.45,135.235.210.48,135.235.210.53,20.192.171.3",
            "possible_outbound_ip_address_list": [
              "135.235.210.56",
              "135.235.210.67",
              "135.235.210.75",
              "135.235.210.92",
              "135.235.210.103",
              "135.235.210.104",
              "135.235.208.21",
              "135.235.209.96",
              "135.235.209.100",
              "135.235.209.102",
              "135.235.209.144",
              "135.235.209.183",
              "135.235.209.185",
              "135.235.209.190",
              "135.235.209.194",
              "135.235.209.198",
              "135.235.209.232",
              "135.235.209.242",
              "135.235.209.248",
              "135.235.210.29",
              "135.235.210.42",
              "135.235.210.45",
              "135.235.210.48",
              "135.235.210.53",
              "135.235.210.119",
              "135.235.210.152",
              "135.235.210.187",
              "135.235.210.195",
              "135.235.210.199",
              "135.235.210.210",
              "20.192.171.3"
            ],
            "possible_outbound_ip_addresses": "135.235.210.56,135.235.210.67,135.235.210.75,135.235.210.92,135.235.210.103,135.235.210.104,135.235.208.21,135.235.209.96,135.235.209.100,135.235.209.102,135.235.209.144,135.235.209.183,135.235.209.185,135.235.209.190,135.235.209.194,135.235.209.198,135.235.209.232,135.235.209.242,135.235.209.248,135.235.210.29,135.235.210.42,135.235.210.45,135.235.210.48,135.235.210.53,135.235.210.119,135.235.210.152,135.235.210.187,135.235.210.195,135.235.210.199,135.235.210.210,20.192.171.3",
            "public_network_access_enabled": true,
            "resource_group_name": "Team-1-Capstone",
            "service_plan_id": "/subscriptions/cb48feea-4a11-4a8b-9af3-70191fc345ec/resourceGroups/Team-1-Capstone/providers/Microsoft.Web/serverFarms/Team-1-asp-linux",
            "site_config": [
              {
                "always_on": true,
                "api_definition_url": "",
                "api_management_api_id": "",
                "app_command_line": "",
                "application_stack": [
                  {
                    "docker_image": "",
                    "docker_image_name": "",
                    "docker_image_tag": "",
                    "docker_registry_password": "",
                    "docker_registry_url": "",
                    "docker_registry_username": "",
                    "dotnet_version": "",
                    "go_version": "",
                    "java_server": "",
                    "java_server_version": "",
                    "java_version": "",
                    "node_version": "18-lts",
                    "php_version": "",
                    "python_version": "",
                    "ruby_version": ""
                  }
                ],
                "auto_heal_enabled": false,
                "auto_heal_setting": [],
                "container_registry_managed_identity_client_id": "",
                "container_registry_use_managed_identity": false,
                "cors": [],
                "default_documents": [
                  "Default.htm",
                  "Default.html",
                  "Default.asp",
                  "index.htm",
                  "index.html",
                  "iisstart.htm",
                  "default.aspx",
                  "index.php",
                  "hostingstart.html"
                ],
                "detailed_error_logging_enabled": false,
                "ftps_state": "Disabled",
                "health_check_eviction_time_in_min": 0,
                "health_check_path": "",
                "http2_enabled": false,
                "ip_restriction": [],
                "ip_restriction_default_action": "Allow",
                "linux_fx_version": "NODE|18-lts",
                "load_balancing_mode": "LeastRequests",
                "local_mysql_enabled": false,
                "managed_pipeline_mode": "Integrated",
                "minimum_tls_version": "1.2",
                "remote_debugging_enabled": false,
                "remote_debugging_version": "VS2022",
                "scm_ip_restriction": [],
                "scm_ip_restriction_default_action": "Allow",
                "scm_minimum_tls_version": "1.2",
                "scm_type": "None",
                "scm_use_main_ip_restriction": false,
                "use_32_bit_worker": true,
                "vnet_route_all_enabled": false,
                "websockets_enabled": false,
                "worker_count": 1
              }
            ],
            "site_credential": [
              {
                "name": "$team-1-nodeapp-prod",
                "password": "piobfp9b3TfoCovoLQ9t9sFoDzkXvGWuQMzLi7Lrj9dAxf87hnTa37d3egg3"
              }
            ],
            "sticky_settings": [],
            "storage_account": [],
            "tags": {},
            "timeouts": null,
            "virtual_network_subnet_id": "",
            "webdeploy_publish_basic_authentication_enabled": true,
            "zip_deploy_file": ""
          },
          "sensitive_attributes": [
            [
              {
                "type": "get_attr",
                "value": "custom_domain_verification_id"
              }
            ],
            [
              {
                "type": "get_attr",
                "value": "site_config"
              },
              {
                "type": "index",
                "value": {
                  "value": 0,
                  "type": "number"
                }
              },
              {
                "type": "get_attr",
                "value": "application_stack"
              },
              {
                "type": "index",
                "value": {
                  "value": 0,
                  "type": "number"
                }
              },
              {
                "type": "get_attr",
                "value": "docker_registry_password"
              }
            ],
            [
              {
                "type": "get_attr",
                "value": "site_credential"
              }
            ]
          ],
          "identity_schema_version": 0,
          "private": "eyJlMmJmYjczMC1lY2FhLTExZTYtOGY4OC0zNDM2M2JjN2M0YzAiOnsiY3JlYXRlIjoxODAwMDAwMDAwMDAwLCJkZWxldGUiOjE4MDAwMDAwMDAwMDAsInJlYWQiOjMwMDAwMDAwMDAwMCwidXBkYXRlIjoxODAwMDAwMDAwMDAwfSwic2NoZW1hX3ZlcnNpb24iOiIxIn0=",
          "dependencies": [
            "azurerm_resource_group.rg",
            "azurerm_service_plan.asp"
          ]
        }
      ]
    },
    {
      "mode": "managed",
      "type": "azurerm_linux_web_app_slot",
      "name": "canary",
      "provider": "provider[\"registry.terraform.io/hashicorp/azurerm\"]",
      "instances": [
        {
          "schema_version": 1,
          "attributes": {
            "app_metadata": {},
            "app_service_id": "/subscriptions/cb48feea-4a11-4a8b-9af3-70191fc345ec/resourceGroups/Team-1-Capstone/providers/Microsoft.Web/sites/team-1-nodeapp-prod",
            "app_settings": {},
            "auth_settings": [],
            "auth_settings_v2": [],
            "backup": [],
            "client_affinity_enabled": false,
            "client_certificate_enabled": false,
            "client_certificate_exclusion_paths": "",
            "client_certificate_mode": "Required",
            "connection_string": [],
            "custom_domain_verification_id": "6D0ABD1187FD421D37A5D372FD5258DFAD09F4D8CBCAA8781CAF4B5B5CC32F21",
            "default_hostname": "team-1-nodeapp-prod-canary.azurewebsites.net",
            "enabled": true,
            "ftp_publish_basic_authentication_enabled": true,
            "hosting_environment_id": "",
            "https_only": false,
            "id": "/subscriptions/cb48feea-4a11-4a8b-9af3-70191fc345ec/resourceGroups/Team-1-Capstone/providers/Microsoft.Web/sites/team-1-nodeapp-prod/slots/canary",
            "identity": [],
            "key_vault_reference_identity_id": "SystemAssigned",
            "kind": "app,linux",
            "logs": [],
            "name": "canary",
            "outbound_ip_address_list": [
              "135.235.209.248",
              "135.235.210.29",
              "135.235.210.42",
              "135.235.210.45",
              "135.235.210.48",
              "135.235.210.53",
              "20.192.171.3"
            ],
            "outbound_ip_addresses": "135.235.209.248,135.235.210.29,135.235.210.42,135.235.210.45,135.235.210.48,135.235.210.53,20.192.171.3",
            "possible_outbound_ip_address_list": [
              "135.235.210.56",
              "135.235.210.67",
              "135.235.210.75",
              "135.235.210.92",
              "135.235.210.103",
              "135.235.210.104",
              "135.235.208.21",
              "135.235.209.96",
              "135.235.209.100",
              "135.235.209.102",
              "135.235.209.144",
              "135.235.209.183",
              "135.235.209.185",
              "135.235.209.190",
              "135.235.209.194",
              "135.235.209.198",
              "135.235.209.232",
              "135.235.209.242",
              "135.235.209.248",
              "135.235.210.29",
              "135.235.210.42",
              "135.235.210.45",
              "135.235.210.48",
              "135.235.210.53",
              "135.235.210.119",
              "135.235.210.152",
              "135.235.210.187",
              "135.235.210.195",
              "135.235.210.199",
              "135.235.210.210",
              "20.192.171.3"
            ],
            "possible_outbound_ip_addresses": "135.235.210.56,135.235.210.67,135.235.210.75,135.235.210.92,135.235.210.103,135.235.210.104,135.235.208.21,135.235.209.96,135.235.209.100,135.235.209.102,135.235.209.144,135.235.209.183,135.235.209.185,135.235.209.190,135.235.209.194,135.235.209.198,135.235.209.232,135.235.209.242,135.235.209.248,135.235.210.29,135.235.210.42,135.235.210.45,135.235.210.48,135.235.210.53,135.235.210.119,135.235.210.152,135.235.210.187,135.235.210.195,135.235.210.199,135.235.210.210,20.192.171.3",
            "public_network_access_enabled": true,
            "service_plan_id": "",
            "site_config": [
              {
                "always_on": true,
                "api_definition_url": "",
                "api_management_api_id": "",
                "app_command_line": "",
                "application_stack": [
                  {
                    "docker_image": "",
                    "docker_image_name": "",
                    "docker_image_tag": "",
                    "docker_registry_password": "",
                    "docker_registry_url": "",
                    "docker_registry_username": "",
                    "dotnet_version": "",
                    "go_version": "",
                    "java_server": "",
                    "java_server_version": "",
                    "java_version": "",
                    "node_version": "18-lts",
                    "php_version": "",
                    "python_version": "",
                    "ruby_version": ""
                  }
                ],
                "auto_heal_enabled": false,
                "auto_heal_setting": [],
                "auto_swap_slot_name": "",
                "container_registry_managed_identity_client_id": "",
                "container_registry_use_managed_identity": false,
                "cors": [],
                "default_documents": [
                  "Default.htm",
                  "Default.html",
                  "Default.asp",
                  "index.htm",
                  "index.html",
                  "iisstart.htm",
                  "default.aspx",
                  "index.php",
                  "hostingstart.html"
                ],
                "detailed_error_logging_enabled": false,
                "ftps_state": "Disabled",
                "health_check_eviction_time_in_min": 0,
                "health_check_path": "",
                "http2_enabled": false,
                "ip_restriction": [],
                "ip_restriction_default_action": "Allow",
                "linux_fx_version": "NODE|18-lts",
                "load_balancing_mode": "LeastRequests",
                "local_mysql_enabled": false,
                "managed_pipeline_mode": "Integrated",
                "minimum_tls_version": "1.2",
                "remote_debugging_enabled": false,
                "remote_debugging_version": "VS2022",
                "scm_ip_restriction": [],
                "scm_ip_restriction_default_action": "Allow",
                "scm_minimum_tls_version": "1.2",
                "scm_type": "None",
                "scm_use_main_ip_restriction": false,
                "use_32_bit_worker": true,
                "vnet_route_all_enabled": false,
                "websockets_enabled": false,
                "worker_count": 1
              }
            ],
            "site_credential": [
              {
                "name": "$team-1-nodeapp-prod__canary",
                "password": "FlSE7bW416zzdAzSfsyW1rxJXrhPzzfq8o8ufFexER3W4jykC91iuWQLld6n"
              }
            ],
            "storage_account": [],
            "tags": {},
            "timeouts": null,
            "virtual_network_subnet_id": "",
            "webdeploy_publish_basic_authentication_enabled": true,
            "zip_deploy_file": ""
          },
          "sensitive_attributes": [
            [
              {
                "type": "get_attr",
                "value": "custom_domain_verification_id"
              }
            ],
            [
              {
                "type": "get_attr",
                "value": "site_config"
              },
              {
                "type": "index",
                "value": {
                  "value": 0,
                  "type": "number"
                }
              },
              {
                "type": "get_attr",
                "value": "application_stack"
              },
              {
                "type": "index",
                "value": {
                  "value": 0,
                  "type": "number"
                }
              },
              {
                "type": "get_attr",
                "value": "docker_registry_password"
              }
            ],
            [
              {
                "type": "get_attr",
                "value": "site_credential"
              }
            ]
          ],
          "identity_schema_version": 0,
          "private": "eyJlMmJmYjczMC1lY2FhLTExZTYtOGY4OC0zNDM2M2JjN2M0YzAiOnsiY3JlYXRlIjoxODAwMDAwMDAwMDAwLCJkZWxldGUiOjE4MDAwMDAwMDAwMDAsInJlYWQiOjMwMDAwMDAwMDAwMCwidXBkYXRlIjoxODAwMDAwMDAwMDAwfSwic2NoZW1hX3ZlcnNpb24iOiIxIn0=",
          "dependencies": [
            "azurerm_linux_web_app.webapp",
            "azurerm_resource_group.rg",
            "azurerm_service_plan.asp"
          ]
        }
      ]
    },
    {
      "mode": "managed",
      "type": "azurerm_linux_web_app_slot",
      "name": "green",
      "provider": "provider[\"registry.terraform.io/hashicorp/azurerm\"]",
      "instances": [
        {
          "schema_version": 1,
          "attributes": {
            "app_metadata": {},
            "app_service_id": "/subscriptions/cb48feea-4a11-4a8b-9af3-70191fc345ec/resourceGroups/Team-1-Capstone/providers/Microsoft.Web/sites/team-1-nodeapp-prod",
            "app_settings": {},
            "auth_settings": [],
            "auth_settings_v2": [],
            "backup": [],
            "client_affinity_enabled": false,
            "client_certificate_enabled": false,
            "client_certificate_exclusion_paths": "",
            "client_certificate_mode": "Required",
            "connection_string": [],
            "custom_domain_verification_id": "6D0ABD1187FD421D37A5D372FD5258DFAD09F4D8CBCAA8781CAF4B5B5CC32F21",
            "default_hostname": "team-1-nodeapp-prod-green.azurewebsites.net",
            "enabled": true,
            "ftp_publish_basic_authentication_enabled": true,
            "hosting_environment_id": "",
            "https_only": false,
            "id": "/subscriptions/cb48feea-4a11-4a8b-9af3-70191fc345ec/resourceGroups/Team-1-Capstone/providers/Microsoft.Web/sites/team-1-nodeapp-prod/slots/green",
            "identity": [],
            "key_vault_reference_identity_id": "SystemAssigned",
            "kind": "app,linux",
            "logs": [],
            "name": "green",
            "outbound_ip_address_list": [
              "135.235.209.248",
              "135.235.210.29",
              "135.235.210.42",
              "135.235.210.45",
              "135.235.210.48",
              "135.235.210.53",
              "20.192.171.3"
            ],
            "outbound_ip_addresses": "135.235.209.248,135.235.210.29,135.235.210.42,135.235.210.45,135.235.210.48,135.235.210.53,20.192.171.3",
            "possible_outbound_ip_address_list": [
              "135.235.210.56",
              "135.235.210.67",
              "135.235.210.75",
              "135.235.210.92",
              "135.235.210.103",
              "135.235.210.104",
              "135.235.208.21",
              "135.235.209.96",
              "135.235.209.100",
              "135.235.209.102",
              "135.235.209.144",
              "135.235.209.183",
              "135.235.209.185",
              "135.235.209.190",
              "135.235.209.194",
              "135.235.209.198",
              "135.235.209.232",
              "135.235.209.242",
              "135.235.209.248",
              "135.235.210.29",
              "135.235.210.42",
              "135.235.210.45",
              "135.235.210.48",
              "135.235.210.53",
              "135.235.210.119",
              "135.235.210.152",
              "135.235.210.187",
              "135.235.210.195",
              "135.235.210.199",
              "135.235.210.210",
              "20.192.171.3"
            ],
            "possible_outbound_ip_addresses": "135.235.210.56,135.235.210.67,135.235.210.75,135.235.210.92,135.235.210.103,135.235.210.104,135.235.208.21,135.235.209.96,135.235.209.100,135.235.209.102,135.235.209.144,135.235.209.183,135.235.209.185,135.235.209.190,135.235.209.194,135.235.209.198,135.235.209.232,135.235.209.242,135.235.209.248,135.235.210.29,135.235.210.42,135.235.210.45,135.235.210.48,135.235.210.53,135.235.210.119,135.235.210.152,135.235.210.187,135.235.210.195,135.235.210.199,135.235.210.210,20.192.171.3",
            "public_network_access_enabled": true,
            "service_plan_id": "",
            "site_config": [
              {
                "always_on": true,
                "api_definition_url": "",
                "api_management_api_id": "",
                "app_command_line": "",
                "application_stack": [
                  {
                    "docker_image": "",
                    "docker_image_name": "",
                    "docker_image_tag": "",
                    "docker_registry_password": "",
                    "docker_registry_url": "",
                    "docker_registry_username": "",
                    "dotnet_version": "",
                    "go_version": "",
                    "java_server": "",
                    "java_server_version": "",
                    "java_version": "",
                    "node_version": "18-lts",
                    "php_version": "",
                    "python_version": "",
                    "ruby_version": ""
                  }
                ],
                "auto_heal_enabled": false,
                "auto_heal_setting": [],
                "auto_swap_slot_name": "",
                "container_registry_managed_identity_client_id": "",
                "container_registry_use_managed_identity": false,
                "cors": [],
                "default_documents": [
                  "Default.htm",
                  "Default.html",
                  "Default.asp",
                  "index.htm",
                  "index.html",
                  "iisstart.htm",
                  "default.aspx",
                  "index.php",
                  "hostingstart.html"
                ],
                "detailed_error_logging_enabled": false,
                "ftps_state": "Disabled",
                "health_check_eviction_time_in_min": 0,
                "health_check_path": "",
                "http2_enabled": false,
                "ip_restriction": [],
                "ip_restriction_default_action": "Allow",
                "linux_fx_version": "NODE|18-lts",
                "load_balancing_mode": "LeastRequests",
                "local_mysql_enabled": false,
                "managed_pipeline_mode": "Integrated",
                "minimum_tls_version": "1.2",
                "remote_debugging_enabled": false,
                "remote_debugging_version": "VS2022",
                "scm_ip_restriction": [],
                "scm_ip_restriction_default_action": "Allow",
                "scm_minimum_tls_version": "1.2",
                "scm_type": "None",
                "scm_use_main_ip_restriction": false,
                "use_32_bit_worker": true,
                "vnet_route_all_enabled": false,
                "websockets_enabled": false,
                "worker_count": 1
              }
            ],
            "site_credential": [
              {
                "name": "$team-1-nodeapp-prod__green",
                "password": "Fwqw7sT3D6pTNJNemZtorRJWo0fldG84KfpKXbcayYdHbzkmvuRb5TACZuyh"
              }
            ],
            "storage_account": [],
            "tags": {},
            "timeouts": null,
            "virtual_network_subnet_id": "",
            "webdeploy_publish_basic_authentication_enabled": true,
            "zip_deploy_file": ""
          },
          "sensitive_attributes": [
            [
              {
                "type": "get_attr",
                "value": "custom_domain_verification_id"
              }
            ],
            [
              {
                "type": "get_attr",
                "value": "site_config"
              },
              {
                "type": "index",
                "value": {
                  "value": 0,
                  "type": "number"
                }
              },
              {
                "type": "get_attr",
                "value": "application_stack"
              },
              {
                "type": "index",
                "value": {
                  "value": 0,
                  "type": "number"
                }
              },
              {
                "type": "get_attr",
                "value": "docker_registry_password"
              }
            ],
            [
              {
                "type": "get_attr",
                "value": "site_credential"
              }
            ]
          ],
          "identity_schema_version": 0,
          "private": "eyJlMmJmYjczMC1lY2FhLTExZTYtOGY4OC0zNDM2M2JjN2M0YzAiOnsiY3JlYXRlIjoxODAwMDAwMDAwMDAwLCJkZWxldGUiOjE4MDAwMDAwMDAwMDAsInJlYWQiOjMwMDAwMDAwMDAwMCwidXBkYXRlIjoxODAwMDAwMDAwMDAwfSwic2NoZW1hX3ZlcnNpb24iOiIxIn0=",
          "dependencies": [
            "azurerm_linux_web_app.webapp",
            "azurerm_resource_group.rg",
            "azurerm_service_plan.asp"
          ]
        }
      ]
    },
    {
      "mode": "managed",
      "type": "azurerm_log_analytics_workspace",
      "name": "law",
      "provider": "provider[\"registry.terraform.io/hashicorp/azurerm\"]",
      "instances": [
        {
          "schema_version": 3,
          "attributes": {
            "allow_resource_only_permissions": true,
            "cmk_for_query_forced": false,
            "daily_quota_gb": -1,
            "data_collection_rule_id": "",
            "id": "/subscriptions/cb48feea-4a11-4a8b-9af3-70191fc345ec/resourceGroups/Team-1-Capstone/providers/Microsoft.OperationalInsights/workspaces/Team-1-law",
            "identity": [],
            "immediate_data_purge_on_30_days_enabled": false,
            "internet_ingestion_enabled": true,
            "internet_query_enabled": true,
            "local_authentication_disabled": false,
            "location": "centralindia",
            "name": "Team-1-law",
            "primary_shared_key": "ErprT6GeGc/DtkXgwrX1hjdm4Vn9iuIq780F4eGlc5hhOaTh9mqXp2Dn1mwXs0D+7V9A/ti/er5NbwPhSPe9dQ==",
            "reservation_capacity_in_gb_per_day": null,
            "resource_group_name": "Team-1-Capstone",
            "retention_in_days": 30,
            "secondary_shared_key": "Wr7Iha+9U1NzT6hH5QD8O+p1ysUe8UM01a6cawEanfwfeji7yb3hCfSeQcHLuyeWWZ1+Lb0RnAeHQyEdJ6Y/YQ==",
            "sku": "PerGB2018",
            "tags": {},
            "timeouts": null,
            "workspace_id": "15eb6763-238e-4635-9b4c-b47ae5b5dda2"
          },
          "sensitive_attributes": [
            [
              {
                "type": "get_attr",
                "value": "primary_shared_key"
              }
            ],
            [
              {
                "type": "get_attr",
                "value": "secondary_shared_key"
              }
            ]
          ],
          "identity_schema_version": 0,
          "private": "eyJlMmJmYjczMC1lY2FhLTExZTYtOGY4OC0zNDM2M2JjN2M0YzAiOnsiY3JlYXRlIjoxODAwMDAwMDAwMDAwLCJkZWxldGUiOjE4MDAwMDAwMDAwMDAsInJlYWQiOjMwMDAwMDAwMDAwMCwidXBkYXRlIjoxODAwMDAwMDAwMDAwfSwic2NoZW1hX3ZlcnNpb24iOiIzIn0=",
          "dependencies": [
            "azurerm_resource_group.rg"
          ]
        }
      ]
    },
    {
      "mode": "managed",
      "type": "azurerm_resource_group",
      "name": "rg",
      "provider": "provider[\"registry.terraform.io/hashicorp/azurerm\"]",
      "instances": [
        {
          "schema_version": 0,
          "attributes": {
            "id": "/subscriptions/cb48feea-4a11-4a8b-9af3-70191fc345ec/resourceGroups/Team-1-Capstone",
            "location": "centralindia",
            "managed_by": "",
            "name": "Team-1-Capstone",
            "tags": {},
            "timeouts": null
          },
          "sensitive_attributes": [],
          "identity_schema_version": 0,
          "private": "eyJlMmJmYjczMC1lY2FhLTExZTYtOGY4OC0zNDM2M2JjN2M0YzAiOnsiY3JlYXRlIjo1NDAwMDAwMDAwMDAwLCJkZWxldGUiOjU0MDAwMDAwMDAwMDAsInJlYWQiOjMwMDAwMDAwMDAwMCwidXBkYXRlIjo1NDAwMDAwMDAwMDAwfSwic2NoZW1hX3ZlcnNpb24iOiIwIn0="
        }
      ]
    },
    {
      "mode": "managed",
      "type": "azurerm_service_plan",
      "name": "asp",
      "provider": "provider[\"registry.terraform.io/hashicorp/azurerm\"]",
      "instances": [
        {
          "schema_version": 1,
          "attributes": {
            "app_service_environment_id": "",
            "id": "/subscriptions/cb48feea-4a11-4a8b-9af3-70191fc345ec/resourceGroups/Team-1-Capstone/providers/Microsoft.Web/serverFarms/Team-1-asp-linux",
            "kind": "linux",
            "location": "centralindia",
            "maximum_elastic_worker_count": 1,
            "name": "Team-1-asp-linux",
            "os_type": "Linux",
            "per_site_scaling_enabled": false,
            "reserved": true,
            "resource_group_name": "Team-1-Capstone",
            "sku_name": "P1v3",
            "tags": {},
            "timeouts": null,
            "worker_count": 1,
            "zone_balancing_enabled": false
          },
          "sensitive_attributes": [],
          "identity_schema_version": 0,
          "private": "eyJlMmJmYjczMC1lY2FhLTExZTYtOGY4OC0zNDM2M2JjN2M0YzAiOnsiY3JlYXRlIjozNjAwMDAwMDAwMDAwLCJkZWxldGUiOjM2MDAwMDAwMDAwMDAsInJlYWQiOjMwMDAwMDAwMDAwMCwidXBkYXRlIjozNjAwMDAwMDAwMDAwfSwic2NoZW1hX3ZlcnNpb24iOiIxIn0=",
          "dependencies": [
            "azurerm_resource_group.rg"
          ]
        }
      ]
    }
  ],
  "check_results": null
}
